
Microsoft Visual Studio Solution File, Format Version 12.00
# Visual Studio Version 16
VisualStudioVersion = 16.0.29009.5
MinimumVisualStudioVersion = 10.0.40219.1
Project("{FAE04EC0-301F-11D3-BF4B-00C04F79EFBC}") = "Examen3Carlos_lezcano", "Examen3Carlos_lezcano\Examen3Carlos_lezcano.csproj", "{D6E73FCE-D982-495D-8FCA-489D83F978BA}"
EndProject
Project("{FAE04EC0-301F-11D3-BF4B-00C04F79EFBC}") = "Examen3.Controlador", "Examen3.Controlador\Examen3.Controlador.csproj", "{1C509A29-3597-44E3-893E-3B3248C67193}"
EndProject
Project("{FAE04EC0-301F-11D3-BF4B-00C04F79EFBC}") = "Examen3.Modelo", "Examen3.Modelo\Examen3.Modelo.csproj", "{235B3A27-C7D6-458B-8D68-E6D9CEF5702E}"
EndProject
Global
	GlobalSection(SolutionConfigurationPlatforms) = preSolution
		Debug|Any CPU = Debug|Any CPU
		Release|Any CPU = Release|Any CPU
	EndGlobalSection
	GlobalSection(ProjectConfigurationPlatforms) = postSolution
		{D6E73FCE-D982-495D-8FCA-489D83F978BA}.Debug|Any CPU.ActiveCfg = Debug|Any CPU
		{D6E73FCE-D982-495D-8FCA-489D83F978BA}.Debug|Any CPU.Build.0 = Debug|Any CPU
		{D6E73FCE-D982-495D-8FCA-489D83F978BA}.Release|Any CPU.ActiveCfg = Release|Any CPU
		{D6E73FCE-D982-495D-8FCA-489D83F978BA}.Release|Any CPU.Build.0 = Release|Any CPU
		{1C509A29-3597-44E3-893E-3B3248C67193}.Debug|Any CPU.ActiveCfg = Debug|Any CPU
		{1C509A29-3597-44E3-893E-3B3248C67193}.Debug|Any CPU.Build.0 = Debug|Any CPU
		{1C509A29-3597-44E3-893E-3B3248C67193}.Release|Any CPU.ActiveCfg = Release|Any CPU
		{1C509A29-3597-44E3-893E-3B3248C67193}.Release|Any CPU.Build.0 = Release|Any CPU
		{235B3A27-C7D6-458B-8D68-E6D9CEF5702E}.Debug|Any CPU.ActiveCfg = Debug|Any CPU
		{235B3A27-C7D6-458B-8D68-E6D9CEF5702E}.Debug|Any CPU.Build.0 = Debug|Any CPU
		{235B3A27-C7D6-458B-8D68-E6D9CEF5702E}.Release|Any CPU.ActiveCfg = Release|Any CPU
		{235B3A27-C7D6-458B-8D68-E6D9CEF5702E}.Release|Any CPU.Build.0 = Release|Any CPU
	EndGlobalSection
	GlobalSection(SolutionProperties) = preSolution
		HideSolutionNode = FALSE
	EndGlobalSection
	GlobalSection(ExtensibilityGlobals) = postSolution
		SolutionGuid = {7404DFC5-C314-49E4-8196-4A843CED1316}
	EndGlobalSection
EndGlobal
